github.com/containerd/plugin v1.0.0 h1:c8Kf1TNl6+e2TtMHZt+39yAPDbouRH9WAToRjex483Y=
github.com/containerd/plugin v1.0.0/go.mod h1:hQfJe5nmWfImiqT1q8Si3jLv3ynMUIBB47bQ+KexvO8=
github.com/opencontainers/go-digest v1.0.0 h1:apOUWs51W5PlhuyGyz9FCeeBIOUDA/6nW8Oi/yOhh5U=
github.com/opencontainers/go-digest v1.0.0/go.mod h1:0JzlMkj0TRzQZfJkVvzbP0HBR3IKzErnv2BNG4W4MAM=
github.com/opencontainers/image-spec v1.1.0 h1:8SG7/vwALn54lVB/0yZ/MMwhFrPYtpEHQb2IpWsCzug=
github.com/opencontainers/image-spec v1.1.0/go.mod h1:W4s4sFTMaBeK1BQLXbG4AdM2szdn85PY75RI83NrTrM=
